// !$*UTF8*$!
{
	archiveVersion = 1;
	classes = {
	};
	objectVersion = 50;
	objects = {

/* Begin PBXBuildFile section */
		B50BC8B421C02D0B00F82BF2 /* igyTools.swift in Sources */ = {isa = PBXBuildFile; fileRef = B50BC88B21C02D0B00F82BF2 /* igyTools.swift */; };
		B50BC8B521C02D0B00F82BF2 /* InteractiveLabel.swift in Sources */ = {isa = PBXBuildFile; fileRef = B50BC88D21C02D0B00F82BF2 /* InteractiveLabel.swift */; };
		B50BC8B621C02D0B00F82BF2 /* AvatarView.xib in Resources */ = {isa = PBXBuildFile; fileRef = B50BC88F21C02D0B00F82BF2 /* AvatarView.xib */; };
		B50BC8B721C02D0B00F82BF2 /* AvatarView.swift in Sources */ = {isa = PBXBuildFile; fileRef = B50BC89021C02D0B00F82BF2 /* AvatarView.swift */; };
		B50BC8B821C02D0B00F82BF2 /* ActivityIndicator.swift in Sources */ = {isa = PBXBuildFile; fileRef = B50BC89121C02D0B00F82BF2 /* ActivityIndicator.swift */; };
		B50BC8B921C02D0B00F82BF2 /* InteractiveImageView.swift in Sources */ = {isa = PBXBuildFile; fileRef = B50BC89221C02D0B00F82BF2 /* InteractiveImageView.swift */; };
		B50BC8BA21C02D0B00F82BF2 /* ReusableImageView.swift in Sources */ = {isa = PBXBuildFile; fileRef = B50BC89321C02D0B00F82BF2 /* ReusableImageView.swift */; };
		B50BC8BB21C02D0B00F82BF2 /* GradientView.swift in Sources */ = {isa = PBXBuildFile; fileRef = B50BC89421C02D0B00F82BF2 /* GradientView.swift */; };
		B50BC8BC21C02D0B00F82BF2 /* CuttedCornerImageView.swift in Sources */ = {isa = PBXBuildFile; fileRef = B50BC89521C02D0B00F82BF2 /* CuttedCornerImageView.swift */; };
		B50BC8BD21C02D0B00F82BF2 /* ConstraintSettings.swift in Sources */ = {isa = PBXBuildFile; fileRef = B50BC89721C02D0B00F82BF2 /* ConstraintSettings.swift */; };
		B50BC8BE21C02D0B00F82BF2 /* Reusable.swift in Sources */ = {isa = PBXBuildFile; fileRef = B50BC89921C02D0B00F82BF2 /* Reusable.swift */; };
		B50BC8BF21C02D0B00F82BF2 /* ReusableTableView.swift in Sources */ = {isa = PBXBuildFile; fileRef = B50BC89A21C02D0B00F82BF2 /* ReusableTableView.swift */; };
		B50BC8C021C02D0B00F82BF2 /* ReusableCollectionView.swift in Sources */ = {isa = PBXBuildFile; fileRef = B50BC89B21C02D0B00F82BF2 /* ReusableCollectionView.swift */; };
		B50BC8C121C02D0B00F82BF2 /* NibLoadable.swift in Sources */ = {isa = PBXBuildFile; fileRef = B50BC89C21C02D0B00F82BF2 /* NibLoadable.swift */; };
		B50BC8C221C02D0B00F82BF2 /* Spitter.swift in Sources */ = {isa = PBXBuildFile; fileRef = B50BC89E21C02D0B00F82BF2 /* Spitter.swift */; };
		B50BC8C321C02D0B00F82BF2 /* Saver.swift in Sources */ = {isa = PBXBuildFile; fileRef = B50BC89F21C02D0B00F82BF2 /* Saver.swift */; };
		B50BC8C421C02D0B00F82BF2 /* DateFormatterHelper.swift in Sources */ = {isa = PBXBuildFile; fileRef = B50BC8A021C02D0B00F82BF2 /* DateFormatterHelper.swift */; };
		B50BC8C521C02D0B00F82BF2 /* Animator.swift in Sources */ = {isa = PBXBuildFile; fileRef = B50BC8A121C02D0B00F82BF2 /* Animator.swift */; };
		B50BC8C621C02D0B00F82BF2 /* System.swift in Sources */ = {isa = PBXBuildFile; fileRef = B50BC8A221C02D0B00F82BF2 /* System.swift */; };
		B50BC8C721C02D0B00F82BF2 /* Dummer.swift in Sources */ = {isa = PBXBuildFile; fileRef = B50BC8A321C02D0B00F82BF2 /* Dummer.swift */; };
		B50BC8C821C02D0B00F82BF2 /* CALayer.swift in Sources */ = {isa = PBXBuildFile; fileRef = B50BC8A521C02D0B00F82BF2 /* CALayer.swift */; };
		B50BC8C921C02D0B00F82BF2 /* Date.swift in Sources */ = {isa = PBXBuildFile; fileRef = B50BC8A621C02D0B00F82BF2 /* Date.swift */; };
		B50BC8CA21C02D0B00F82BF2 /* UIView.swift in Sources */ = {isa = PBXBuildFile; fileRef = B50BC8A721C02D0B00F82BF2 /* UIView.swift */; };
		B50BC8CB21C02D0B00F82BF2 /* Array.swift in Sources */ = {isa = PBXBuildFile; fileRef = B50BC8A821C02D0B00F82BF2 /* Array.swift */; };
		B50BC8CC21C02D0B00F82BF2 /* UIStackView.swift in Sources */ = {isa = PBXBuildFile; fileRef = B50BC8A921C02D0B00F82BF2 /* UIStackView.swift */; };
		B50BC8CD21C02D0B00F82BF2 /* UIColor.swift in Sources */ = {isa = PBXBuildFile; fileRef = B50BC8AA21C02D0B00F82BF2 /* UIColor.swift */; };
		B50BC8CE21C02D0B00F82BF2 /* NSAttributedString.swift in Sources */ = {isa = PBXBuildFile; fileRef = B50BC8AB21C02D0B00F82BF2 /* NSAttributedString.swift */; };
		B50BC8CF21C02D0B00F82BF2 /* DIspatchQueue.swift in Sources */ = {isa = PBXBuildFile; fileRef = B50BC8AC21C02D0B00F82BF2 /* DIspatchQueue.swift */; };
		B50BC8D021C02D0B00F82BF2 /* UITableView.swift in Sources */ = {isa = PBXBuildFile; fileRef = B50BC8AD21C02D0B00F82BF2 /* UITableView.swift */; };
		B50BC8D121C02D0B00F82BF2 /* UITableViewCell.swift in Sources */ = {isa = PBXBuildFile; fileRef = B50BC8AE21C02D0B00F82BF2 /* UITableViewCell.swift */; };
		B50BC8D221C02D0B00F82BF2 /* String.swift in Sources */ = {isa = PBXBuildFile; fileRef = B50BC8AF21C02D0B00F82BF2 /* String.swift */; };
		B50BC8D321C02D0B00F82BF2 /* UIImage.swift in Sources */ = {isa = PBXBuildFile; fileRef = B50BC8B021C02D0B00F82BF2 /* UIImage.swift */; };
		B50BC8D421C02D0B00F82BF2 /* UIViewController.swift in Sources */ = {isa = PBXBuildFile; fileRef = B50BC8B121C02D0B00F82BF2 /* UIViewController.swift */; };
		B50BC8D521C02D0B00F82BF2 /* Enum.swift in Sources */ = {isa = PBXBuildFile; fileRef = B50BC8B221C02D0B00F82BF2 /* Enum.swift */; };
		B50BC8D621C02D0B00F82BF2 /* Float.swift in Sources */ = {isa = PBXBuildFile; fileRef = B50BC8B321C02D0B00F82BF2 /* Float.swift */; };
		B5D8F0092194BB490028F5A4 /* igyTools.framework in Frameworks */ = {isa = PBXBuildFile; fileRef = B5D8EFFF2194BB490028F5A4 /* igyTools.framework */; };
		B5D8F00E2194BB490028F5A4 /* igyToolsTests.swift in Sources */ = {isa = PBXBuildFile; fileRef = B5D8F00D2194BB490028F5A4 /* igyToolsTests.swift */; };
		B5D8F0102194BB490028F5A4 /* igyTools.h in Headers */ = {isa = PBXBuildFile; fileRef = B5D8F0022194BB490028F5A4 /* igyTools.h */; settings = {ATTRIBUTES = (Public, ); }; };
		B5D8F02F2194BD3E0028F5A4 /* igyTools.podspec in Resources */ = {isa = PBXBuildFile; fileRef = B5D8F02E2194BD3E0028F5A4 /* igyTools.podspec */; };
/* End PBXBuildFile section */

/* Begin PBXContainerItemProxy section */
		B5D8F00A2194BB490028F5A4 /* PBXContainerItemProxy */ = {
			isa = PBXContainerItemProxy;
			containerPortal = B5D8EFF62194BB490028F5A4 /* Project object */;
			proxyType = 1;
			remoteGlobalIDString = B5D8EFFE2194BB490028F5A4;
			remoteInfo = igyTools;
		};
/* End PBXContainerItemProxy section */

/* Begin PBXFileReference section */
		B50BC88B21C02D0B00F82BF2 /* igyTools.swift */ = {isa = PBXFileReference; fileEncoding = 4; lastKnownFileType = sourcecode.swift; path = igyTools.swift; sourceTree = "<group>"; };
		B50BC88D21C02D0B00F82BF2 /* InteractiveLabel.swift */ = {isa = PBXFileReference; fileEncoding = 4; lastKnownFileType = sourcecode.swift; path = InteractiveLabel.swift; sourceTree = "<group>"; };
		B50BC88F21C02D0B00F82BF2 /* AvatarView.xib */ = {isa = PBXFileReference; fileEncoding = 4; lastKnownFileType = file.xib; path = AvatarView.xib; sourceTree = "<group>"; };
		B50BC89021C02D0B00F82BF2 /* AvatarView.swift */ = {isa = PBXFileReference; fileEncoding = 4; lastKnownFileType = sourcecode.swift; path = AvatarView.swift; sourceTree = "<group>"; };
		B50BC89121C02D0B00F82BF2 /* ActivityIndicator.swift */ = {isa = PBXFileReference; fileEncoding = 4; lastKnownFileType = sourcecode.swift; path = ActivityIndicator.swift; sourceTree = "<group>"; };
		B50BC89221C02D0B00F82BF2 /* InteractiveImageView.swift */ = {isa = PBXFileReference; fileEncoding = 4; lastKnownFileType = sourcecode.swift; path = InteractiveImageView.swift; sourceTree = "<group>"; };
		B50BC89321C02D0B00F82BF2 /* ReusableImageView.swift */ = {isa = PBXFileReference; fileEncoding = 4; lastKnownFileType = sourcecode.swift; path = ReusableImageView.swift; sourceTree = "<group>"; };
		B50BC89421C02D0B00F82BF2 /* GradientView.swift */ = {isa = PBXFileReference; fileEncoding = 4; lastKnownFileType = sourcecode.swift; path = GradientView.swift; sourceTree = "<group>"; };
		B50BC89521C02D0B00F82BF2 /* CuttedCornerImageView.swift */ = {isa = PBXFileReference; fileEncoding = 4; lastKnownFileType = sourcecode.swift; path = CuttedCornerImageView.swift; sourceTree = "<group>"; };
		B50BC89721C02D0B00F82BF2 /* ConstraintSettings.swift */ = {isa = PBXFileReference; fileEncoding = 4; lastKnownFileType = sourcecode.swift; path = ConstraintSettings.swift; sourceTree = "<group>"; };
		B50BC89921C02D0B00F82BF2 /* Reusable.swift */ = {isa = PBXFileReference; fileEncoding = 4; lastKnownFileType = sourcecode.swift; path = Reusable.swift; sourceTree = "<group>"; };
		B50BC89A21C02D0B00F82BF2 /* ReusableTableView.swift */ = {isa = PBXFileReference; fileEncoding = 4; lastKnownFileType = sourcecode.swift; path = ReusableTableView.swift; sourceTree = "<group>"; };
		B50BC89B21C02D0B00F82BF2 /* ReusableCollectionView.swift */ = {isa = PBXFileReference; fileEncoding = 4; lastKnownFileType = sourcecode.swift; path = ReusableCollectionView.swift; sourceTree = "<group>"; };
		B50BC89C21C02D0B00F82BF2 /* NibLoadable.swift */ = {isa = PBXFileReference; fileEncoding = 4; lastKnownFileType = sourcecode.swift; path = NibLoadable.swift; sourceTree = "<group>"; };
		B50BC89E21C02D0B00F82BF2 /* Spitter.swift */ = {isa = PBXFileReference; fileEncoding = 4; lastKnownFileType = sourcecode.swift; path = Spitter.swift; sourceTree = "<group>"; };
		B50BC89F21C02D0B00F82BF2 /* Saver.swift */ = {isa = PBXFileReference; fileEncoding = 4; lastKnownFileType = sourcecode.swift; path = Saver.swift; sourceTree = "<group>"; };
		B50BC8A021C02D0B00F82BF2 /* DateFormatterHelper.swift */ = {isa = PBXFileReference; fileEncoding = 4; lastKnownFileType = sourcecode.swift; path = DateFormatterHelper.swift; sourceTree = "<group>"; };
		B50BC8A121C02D0B00F82BF2 /* Animator.swift */ = {isa = PBXFileReference; fileEncoding = 4; lastKnownFileType = sourcecode.swift; path = Animator.swift; sourceTree = "<group>"; };
		B50BC8A221C02D0B00F82BF2 /* System.swift */ = {isa = PBXFileReference; fileEncoding = 4; lastKnownFileType = sourcecode.swift; path = System.swift; sourceTree = "<group>"; };
		B50BC8A321C02D0B00F82BF2 /* Dummer.swift */ = {isa = PBXFileReference; fileEncoding = 4; lastKnownFileType = sourcecode.swift; path = Dummer.swift; sourceTree = "<group>"; };
		B50BC8A521C02D0B00F82BF2 /* CALayer.swift */ = {isa = PBXFileReference; fileEncoding = 4; lastKnownFileType = sourcecode.swift; path = CALayer.swift; sourceTree = "<group>"; };
		B50BC8A621C02D0B00F82BF2 /* Date.swift */ = {isa = PBXFileReference; fileEncoding = 4; lastKnownFileType = sourcecode.swift; path = Date.swift; sourceTree = "<group>"; };
		B50BC8A721C02D0B00F82BF2 /* UIView.swift */ = {isa = PBXFileReference; fileEncoding = 4; lastKnownFileType = sourcecode.swift; path = UIView.swift; sourceTree = "<group>"; };
		B50BC8A821C02D0B00F82BF2 /* Array.swift */ = {isa = PBXFileReference; fileEncoding = 4; lastKnownFileType = sourcecode.swift; path = Array.swift; sourceTree = "<group>"; };
		B50BC8A921C02D0B00F82BF2 /* UIStackView.swift */ = {isa = PBXFileReference; fileEncoding = 4; lastKnownFileType = sourcecode.swift; path = UIStackView.swift; sourceTree = "<group>"; };
		B50BC8AA21C02D0B00F82BF2 /* UIColor.swift */ = {isa = PBXFileReference; fileEncoding = 4; lastKnownFileType = sourcecode.swift; path = UIColor.swift; sourceTree = "<group>"; };
		B50BC8AB21C02D0B00F82BF2 /* NSAttributedString.swift */ = {isa = PBXFileReference; fileEncoding = 4; lastKnownFileType = sourcecode.swift; path = NSAttributedString.swift; sourceTree = "<group>"; };
		B50BC8AC21C02D0B00F82BF2 /* DIspatchQueue.swift */ = {isa = PBXFileReference; fileEncoding = 4; lastKnownFileType = sourcecode.swift; path = DIspatchQueue.swift; sourceTree = "<group>"; };
		B50BC8AD21C02D0B00F82BF2 /* UITableView.swift */ = {isa = PBXFileReference; fileEncoding = 4; lastKnownFileType = sourcecode.swift; path = UITableView.swift; sourceTree = "<group>"; };
		B50BC8AE21C02D0B00F82BF2 /* UITableViewCell.swift */ = {isa = PBXFileReference; fileEncoding = 4; lastKnownFileType = sourcecode.swift; path = UITableViewCell.swift; sourceTree = "<group>"; };
		B50BC8AF21C02D0B00F82BF2 /* String.swift */ = {isa = PBXFileReference; fileEncoding = 4; lastKnownFileType = sourcecode.swift; path = String.swift; sourceTree = "<group>"; };
		B50BC8B021C02D0B00F82BF2 /* UIImage.swift */ = {isa = PBXFileReference; fileEncoding = 4; lastKnownFileType = sourcecode.swift; path = UIImage.swift; sourceTree = "<group>"; };
		B50BC8B121C02D0B00F82BF2 /* UIViewController.swift */ = {isa = PBXFileReference; fileEncoding = 4; lastKnownFileType = sourcecode.swift; path = UIViewController.swift; sourceTree = "<group>"; };
		B50BC8B221C02D0B00F82BF2 /* Enum.swift */ = {isa = PBXFileReference; fileEncoding = 4; lastKnownFileType = sourcecode.swift; path = Enum.swift; sourceTree = "<group>"; };
		B50BC8B321C02D0B00F82BF2 /* Float.swift */ = {isa = PBXFileReference; fileEncoding = 4; lastKnownFileType = sourcecode.swift; path = Float.swift; sourceTree = "<group>"; };
		B5D8EFFF2194BB490028F5A4 /* igyTools.framework */ = {isa = PBXFileReference; explicitFileType = wrapper.framework; includeInIndex = 0; path = igyTools.framework; sourceTree = BUILT_PRODUCTS_DIR; };
		B5D8F0022194BB490028F5A4 /* igyTools.h */ = {isa = PBXFileReference; lastKnownFileType = sourcecode.c.h; path = igyTools.h; sourceTree = "<group>"; };
		B5D8F0032194BB490028F5A4 /* Info.plist */ = {isa = PBXFileReference; lastKnownFileType = text.plist.xml; path = Info.plist; sourceTree = "<group>"; };
		B5D8F0082194BB490028F5A4 /* igyToolsTests.xctest */ = {isa = PBXFileReference; explicitFileType = wrapper.cfbundle; includeInIndex = 0; path = igyToolsTests.xctest; sourceTree = BUILT_PRODUCTS_DIR; };
		B5D8F00D2194BB490028F5A4 /* igyToolsTests.swift */ = {isa = PBXFileReference; lastKnownFileType = sourcecode.swift; path = igyToolsTests.swift; sourceTree = "<group>"; };
		B5D8F00F2194BB490028F5A4 /* Info.plist */ = {isa = PBXFileReference; lastKnownFileType = text.plist.xml; path = Info.plist; sourceTree = "<group>"; };
		B5D8F02E2194BD3E0028F5A4 /* igyTools.podspec */ = {isa = PBXFileReference; fileEncoding = 4; lastKnownFileType = text; path = igyTools.podspec; sourceTree = "<group>"; xcLanguageSpecificationIdentifier = xcode.lang.ruby; };
/* End PBXFileReference section */

/* Begin PBXFrameworksBuildPhase section */
		B5D8EFFC2194BB490028F5A4 /* Frameworks */ = {
			isa = PBXFrameworksBuildPhase;
			buildActionMask = 2147483647;
			files = (
			);
			runOnlyForDeploymentPostprocessing = 0;
		};
		B5D8F0052194BB490028F5A4 /* Frameworks */ = {
			isa = PBXFrameworksBuildPhase;
			buildActionMask = 2147483647;
			files = (
				B5D8F0092194BB490028F5A4 /* igyTools.framework in Frameworks */,
			);
			runOnlyForDeploymentPostprocessing = 0;
		};
/* End PBXFrameworksBuildPhase section */

/* Begin PBXGroup section */
		B50BC88C21C02D0B00F82BF2 /* Views */ = {
			isa = PBXGroup;
			children = (
				B50BC88D21C02D0B00F82BF2 /* InteractiveLabel.swift */,
				B50BC88E21C02D0B00F82BF2 /* AvatarView */,
				B50BC89121C02D0B00F82BF2 /* ActivityIndicator.swift */,
				B50BC89221C02D0B00F82BF2 /* InteractiveImageView.swift */,
				B50BC89321C02D0B00F82BF2 /* ReusableImageView.swift */,
				B50BC89421C02D0B00F82BF2 /* GradientView.swift */,
				B50BC89521C02D0B00F82BF2 /* CuttedCornerImageView.swift */,
			);
			path = Views;
			sourceTree = "<group>";
		};
		B50BC88E21C02D0B00F82BF2 /* AvatarView */ = {
			isa = PBXGroup;
			children = (
				B50BC88F21C02D0B00F82BF2 /* AvatarView.xib */,
				B50BC89021C02D0B00F82BF2 /* AvatarView.swift */,
			);
			path = AvatarView;
			sourceTree = "<group>";
		};
		B50BC89621C02D0B00F82BF2 /* Classes */ = {
			isa = PBXGroup;
			children = (
				B50BC89721C02D0B00F82BF2 /* ConstraintSettings.swift */,
				B50BC89821C02D0B00F82BF2 /* Reusable */,
			);
			path = Classes;
			sourceTree = "<group>";
		};
		B50BC89821C02D0B00F82BF2 /* Reusable */ = {
			isa = PBXGroup;
			children = (
				B50BC89921C02D0B00F82BF2 /* Reusable.swift */,
				B50BC89A21C02D0B00F82BF2 /* ReusableTableView.swift */,
				B50BC89B21C02D0B00F82BF2 /* ReusableCollectionView.swift */,
				B50BC89C21C02D0B00F82BF2 /* NibLoadable.swift */,
			);
			path = Reusable;
			sourceTree = "<group>";
		};
		B50BC89D21C02D0B00F82BF2 /* Helpers */ = {
			isa = PBXGroup;
			children = (
				B50BC89E21C02D0B00F82BF2 /* Spitter.swift */,
				B50BC89F21C02D0B00F82BF2 /* Saver.swift */,
				B50BC8A021C02D0B00F82BF2 /* DateFormatterHelper.swift */,
				B50BC8A121C02D0B00F82BF2 /* Animator.swift */,
				B50BC8A221C02D0B00F82BF2 /* System.swift */,
				B50BC8A321C02D0B00F82BF2 /* Dummer.swift */,
			);
			path = Helpers;
			sourceTree = "<group>";
		};
		B50BC8A421C02D0B00F82BF2 /* Extensions */ = {
			isa = PBXGroup;
			children = (
				B50BC8A521C02D0B00F82BF2 /* CALayer.swift */,
				B50BC8A621C02D0B00F82BF2 /* Date.swift */,
				B50BC8A721C02D0B00F82BF2 /* UIView.swift */,
				B50BC8A821C02D0B00F82BF2 /* Array.swift */,
				B50BC8A921C02D0B00F82BF2 /* UIStackView.swift */,
				B50BC8AA21C02D0B00F82BF2 /* UIColor.swift */,
				B50BC8AB21C02D0B00F82BF2 /* NSAttributedString.swift */,
				B50BC8AC21C02D0B00F82BF2 /* DIspatchQueue.swift */,
				B50BC8AD21C02D0B00F82BF2 /* UITableView.swift */,
				B50BC8AE21C02D0B00F82BF2 /* UITableViewCell.swift */,
				B50BC8AF21C02D0B00F82BF2 /* String.swift */,
				B50BC8B021C02D0B00F82BF2 /* UIImage.swift */,
				B50BC8B121C02D0B00F82BF2 /* UIViewController.swift */,
				B50BC8B221C02D0B00F82BF2 /* Enum.swift */,
				B50BC8B321C02D0B00F82BF2 /* Float.swift */,
			);
			path = Extensions;
			sourceTree = "<group>";
		};
		B5D8EFF52194BB490028F5A4 = {
			isa = PBXGroup;
			children = (
				B5D8F02E2194BD3E0028F5A4 /* igyTools.podspec */,
				B5D8F0012194BB490028F5A4 /* igyTools */,
				B5D8F00C2194BB490028F5A4 /* igyToolsTests */,
				B5D8F0002194BB490028F5A4 /* Products */,
			);
			sourceTree = "<group>";
		};
		B5D8F0002194BB490028F5A4 /* Products */ = {
			isa = PBXGroup;
			children = (
				B5D8EFFF2194BB490028F5A4 /* igyTools.framework */,
				B5D8F0082194BB490028F5A4 /* igyToolsTests.xctest */,
			);
			name = Products;
			sourceTree = "<group>";
		};
		B5D8F0012194BB490028F5A4 /* igyTools */ = {
			isa = PBXGroup;
			children = (
				B5D8F0192194BB590028F5A4 /* Source */,
				B5D8F0022194BB490028F5A4 /* igyTools.h */,
				B5D8F0032194BB490028F5A4 /* Info.plist */,
			);
			path = igyTools;
			sourceTree = "<group>";
		};
		B5D8F00C2194BB490028F5A4 /* igyToolsTests */ = {
			isa = PBXGroup;
			children = (
				B5D8F00D2194BB490028F5A4 /* igyToolsTests.swift */,
				B5D8F00F2194BB490028F5A4 /* Info.plist */,
			);
			path = igyToolsTests;
			sourceTree = "<group>";
		};
		B5D8F0192194BB590028F5A4 /* Source */ = {
			isa = PBXGroup;
			children = (
				B50BC89621C02D0B00F82BF2 /* Classes */,
				B50BC88C21C02D0B00F82BF2 /* Views */,
				B50BC8A421C02D0B00F82BF2 /* Extensions */,
				B50BC89D21C02D0B00F82BF2 /* Helpers */,
				B50BC88B21C02D0B00F82BF2 /* igyTools.swift */,
			);
			path = Source;
			sourceTree = "<group>";
		};
/* End PBXGroup section */

/* Begin PBXHeadersBuildPhase section */
		B5D8EFFA2194BB490028F5A4 /* Headers */ = {
			isa = PBXHeadersBuildPhase;
			buildActionMask = 2147483647;
			files = (
				B5D8F0102194BB490028F5A4 /* igyTools.h in Headers */,
			);
			runOnlyForDeploymentPostprocessing = 0;
		};
/* End PBXHeadersBuildPhase section */

/* Begin PBXNativeTarget section */
		B5D8EFFE2194BB490028F5A4 /* igyTools */ = {
			isa = PBXNativeTarget;
			buildConfigurationList = B5D8F0132194BB490028F5A4 /* Build configuration list for PBXNativeTarget "igyTools" */;
			buildPhases = (
				B5D8EFFA2194BB490028F5A4 /* Headers */,
				B5D8EFFB2194BB490028F5A4 /* Sources */,
				B5D8EFFC2194BB490028F5A4 /* Frameworks */,
				B5D8EFFD2194BB490028F5A4 /* Resources */,
			);
			buildRules = (
			);
			dependencies = (
			);
			name = igyTools;
			productName = igyTools;
			productReference = B5D8EFFF2194BB490028F5A4 /* igyTools.framework */;
			productType = "com.apple.product-type.framework";
		};
		B5D8F0072194BB490028F5A4 /* igyToolsTests */ = {
			isa = PBXNativeTarget;
			buildConfigurationList = B5D8F0162194BB490028F5A4 /* Build configuration list for PBXNativeTarget "igyToolsTests" */;
			buildPhases = (
				B5D8F0042194BB490028F5A4 /* Sources */,
				B5D8F0052194BB490028F5A4 /* Frameworks */,
				B5D8F0062194BB490028F5A4 /* Resources */,
			);
			buildRules = (
			);
			dependencies = (
				B5D8F00B2194BB490028F5A4 /* PBXTargetDependency */,
			);
			name = igyToolsTests;
			productName = igyToolsTests;
			productReference = B5D8F0082194BB490028F5A4 /* igyToolsTests.xctest */;
			productType = "com.apple.product-type.bundle.unit-test";
		};
/* End PBXNativeTarget section */

/* Begin PBXProject section */
		B5D8EFF62194BB490028F5A4 /* Project object */ = {
			isa = PBXProject;
			attributes = {
				LastSwiftUpdateCheck = 1000;
				LastUpgradeCheck = 1000;
				ORGANIZATIONNAME = rolique;
				TargetAttributes = {
					B5D8EFFE2194BB490028F5A4 = {
						CreatedOnToolsVersion = 10.0;
						LastSwiftMigration = 1010;
					};
					B5D8F0072194BB490028F5A4 = {
						CreatedOnToolsVersion = 10.0;
					};
				};
			};
			buildConfigurationList = B5D8EFF92194BB490028F5A4 /* Build configuration list for PBXProject "igyTools" */;
			compatibilityVersion = "Xcode 9.3";
			developmentRegion = en;
			hasScannedForEncodings = 0;
			knownRegions = (
				en,
			);
			mainGroup = B5D8EFF52194BB490028F5A4;
			productRefGroup = B5D8F0002194BB490028F5A4 /* Products */;
			projectDirPath = "";
			projectRoot = "";
			targets = (
				B5D8EFFE2194BB490028F5A4 /* igyTools */,
				B5D8F0072194BB490028F5A4 /* igyToolsTests */,
			);
		};
/* End PBXProject section */

/* Begin PBXResourcesBuildPhase section */
		B5D8EFFD2194BB490028F5A4 /* Resources */ = {
			isa = PBXResourcesBuildPhase;
			buildActionMask = 2147483647;
			files = (
				B5D8F02F2194BD3E0028F5A4 /* igyTools.podspec in Resources */,
				B50BC8B621C02D0B00F82BF2 /* AvatarView.xib in Resources */,
			);
			runOnlyForDeploymentPostprocessing = 0;
		};
		B5D8F0062194BB490028F5A4 /* Resources */ = {
			isa = PBXResourcesBuildPhase;
			buildActionMask = 2147483647;
			files = (
			);
			runOnlyForDeploymentPostprocessing = 0;
		};
/* End PBXResourcesBuildPhase section */

/* Begin PBXSourcesBuildPhase section */
		B5D8EFFB2194BB490028F5A4 /* Sources */ = {
			isa = PBXSourcesBuildPhase;
			buildActionMask = 2147483647;
			files = (
				B50BC8B821C02D0B00F82BF2 /* ActivityIndicator.swift in Sources */,
				B50BC8B421C02D0B00F82BF2 /* igyTools.swift in Sources */,
				B50BC8CA21C02D0B00F82BF2 /* UIView.swift in Sources */,
				B50BC8C321C02D0B00F82BF2 /* Saver.swift in Sources */,
				B50BC8B921C02D0B00F82BF2 /* InteractiveImageView.swift in Sources */,
				B50BC8BD21C02D0B00F82BF2 /* ConstraintSettings.swift in Sources */,
				B50BC8CB21C02D0B00F82BF2 /* Array.swift in Sources */,
				B50BC8BE21C02D0B00F82BF2 /* Reusable.swift in Sources */,
				B50BC8C421C02D0B00F82BF2 /* DateFormatterHelper.swift in Sources */,
				B50BC8B721C02D0B00F82BF2 /* AvatarView.swift in Sources */,
				B50BC8C721C02D0B00F82BF2 /* Dummer.swift in Sources */,
				B50BC8CE21C02D0B00F82BF2 /* NSAttributedString.swift in Sources */,
				B50BC8D221C02D0B00F82BF2 /* String.swift in Sources */,
				B50BC8D321C02D0B00F82BF2 /* UIImage.swift in Sources */,
				B50BC8D421C02D0B00F82BF2 /* UIViewController.swift in Sources */,
				B50BC8C821C02D0B00F82BF2 /* CALayer.swift in Sources */,
				B50BC8D021C02D0B00F82BF2 /* UITableView.swift in Sources */,
				B50BC8BB21C02D0B00F82BF2 /* GradientView.swift in Sources */,
				B50BC8B521C02D0B00F82BF2 /* InteractiveLabel.swift in Sources */,
				B50BC8BF21C02D0B00F82BF2 /* ReusableTableView.swift in Sources */,
				B50BC8C021C02D0B00F82BF2 /* ReusableCollectionView.swift in Sources */,
				B50BC8BC21C02D0B00F82BF2 /* CuttedCornerImageView.swift in Sources */,
				B50BC8CF21C02D0B00F82BF2 /* DIspatchQueue.swift in Sources */,
				B50BC8C521C02D0B00F82BF2 /* Animator.swift in Sources */,
				B50BC8C921C02D0B00F82BF2 /* Date.swift in Sources */,
				B50BC8CD21C02D0B00F82BF2 /* UIColor.swift in Sources */,
				B50BC8D521C02D0B00F82BF2 /* Enum.swift in Sources */,
				B50BC8CC21C02D0B00F82BF2 /* UIStackView.swift in Sources */,
				B50BC8D621C02D0B00F82BF2 /* Float.swift in Sources */,
				B50BC8C121C02D0B00F82BF2 /* NibLoadable.swift in Sources */,
				B50BC8D121C02D0B00F82BF2 /* UITableViewCell.swift in Sources */,
				B50BC8BA21C02D0B00F82BF2 /* ReusableImageView.swift in Sources */,
				B50BC8C621C02D0B00F82BF2 /* System.swift in Sources */,
				B50BC8C221C02D0B00F82BF2 /* Spitter.swift in Sources */,
			);
			runOnlyForDeploymentPostprocessing = 0;
		};
		B5D8F0042194BB490028F5A4 /* Sources */ = {
			isa = PBXSourcesBuildPhase;
			buildActionMask = 2147483647;
			files = (
				B5D8F00E2194BB490028F5A4 /* igyToolsTests.swift in Sources */,
			);
			runOnlyForDeploymentPostprocessing = 0;
		};
/* End PBXSourcesBuildPhase section */

/* Begin PBXTargetDependency section */
		B5D8F00B2194BB490028F5A4 /* PBXTargetDependency */ = {
			isa = PBXTargetDependency;
			target = B5D8EFFE2194BB490028F5A4 /* igyTools */;
			targetProxy = B5D8F00A2194BB490028F5A4 /* PBXContainerItemProxy */;
		};
/* End PBXTargetDependency section */

/* Begin XCBuildConfiguration section */
		B5D8F0112194BB490028F5A4 /* Debug */ = {
			isa = XCBuildConfiguration;
			buildSettings = {
				ALWAYS_SEARCH_USER_PATHS = NO;
				CLANG_ANALYZER_NONNULL = YES;
				CLANG_ANALYZER_NUMBER_OBJECT_CONVERSION = YES_AGGRESSIVE;
				CLANG_CXX_LANGUAGE_STANDARD = "gnu++14";
				CLANG_CXX_LIBRARY = "libc++";
				CLANG_ENABLE_MODULES = YES;
				CLANG_ENABLE_OBJC_ARC = YES;
				CLANG_ENABLE_OBJC_WEAK = YES;
				CLANG_WARN_BLOCK_CAPTURE_AUTORELEASING = YES;
				CLANG_WARN_BOOL_CONVERSION = YES;
				CLANG_WARN_COMMA = YES;
				CLANG_WARN_CONSTANT_CONVERSION = YES;
				CLANG_WARN_DEPRECATED_OBJC_IMPLEMENTATIONS = YES;
				CLANG_WARN_DIRECT_OBJC_ISA_USAGE = YES_ERROR;
				CLANG_WARN_DOCUMENTATION_COMMENTS = YES;
				CLANG_WARN_EMPTY_BODY = YES;
				CLANG_WARN_ENUM_CONVERSION = YES;
				CLANG_WARN_INFINITE_RECURSION = YES;
				CLANG_WARN_INT_CONVERSION = YES;
				CLANG_WARN_NON_LITERAL_NULL_CONVERSION = YES;
				CLANG_WARN_OBJC_IMPLICIT_RETAIN_SELF = YES;
				CLANG_WARN_OBJC_LITERAL_CONVERSION = YES;
				CLANG_WARN_OBJC_ROOT_CLASS = YES_ERROR;
				CLANG_WARN_RANGE_LOOP_ANALYSIS = YES;
				CLANG_WARN_STRICT_PROTOTYPES = YES;
				CLANG_WARN_SUSPICIOUS_MOVE = YES;
				CLANG_WARN_UNGUARDED_AVAILABILITY = YES_AGGRESSIVE;
				CLANG_WARN_UNREACHABLE_CODE = YES;
				CLANG_WARN__DUPLICATE_METHOD_MATCH = YES;
				CODE_SIGN_IDENTITY = "iPhone Developer";
				COPY_PHASE_STRIP = NO;
				CURRENT_PROJECT_VERSION = 1;
				DEBUG_INFORMATION_FORMAT = dwarf;
				ENABLE_STRICT_OBJC_MSGSEND = YES;
				ENABLE_TESTABILITY = YES;
				GCC_C_LANGUAGE_STANDARD = gnu11;
				GCC_DYNAMIC_NO_PIC = NO;
				GCC_NO_COMMON_BLOCKS = YES;
				GCC_OPTIMIZATION_LEVEL = 0;
				GCC_PREPROCESSOR_DEFINITIONS = (
					"DEBUG=1",
					"$(inherited)",
				);
				GCC_WARN_64_TO_32_BIT_CONVERSION = YES;
				GCC_WARN_ABOUT_RETURN_TYPE = YES_ERROR;
				GCC_WARN_UNDECLARED_SELECTOR = YES;
				GCC_WARN_UNINITIALIZED_AUTOS = YES_AGGRESSIVE;
				GCC_WARN_UNUSED_FUNCTION = YES;
				GCC_WARN_UNUSED_VARIABLE = YES;
				IPHONEOS_DEPLOYMENT_TARGET = 12.0;
				MTL_ENABLE_DEBUG_INFO = INCLUDE_SOURCE;
				MTL_FAST_MATH = YES;
				ONLY_ACTIVE_ARCH = YES;
				SDKROOT = iphoneos;
				SWIFT_ACTIVE_COMPILATION_CONDITIONS = DEBUG;
				SWIFT_OPTIMIZATION_LEVEL = "-Onone";
				VERSIONING_SYSTEM = "apple-generic";
				VERSION_INFO_PREFIX = "";
			};
			name = Debug;
		};
		B5D8F0122194BB490028F5A4 /* Release */ = {
			isa = XCBuildConfiguration;
			buildSettings = {
				ALWAYS_SEARCH_USER_PATHS = NO;
				CLANG_ANALYZER_NONNULL = YES;
				CLANG_ANALYZER_NUMBER_OBJECT_CONVERSION = YES_AGGRESSIVE;
				CLANG_CXX_LANGUAGE_STANDARD = "gnu++14";
				CLANG_CXX_LIBRARY = "libc++";
				CLANG_ENABLE_MODULES = YES;
				CLANG_ENABLE_OBJC_ARC = YES;
				CLANG_ENABLE_OBJC_WEAK = YES;
				CLANG_WARN_BLOCK_CAPTURE_AUTORELEASING = YES;
				CLANG_WARN_BOOL_CONVERSION = YES;
				CLANG_WARN_COMMA = YES;
				CLANG_WARN_CONSTANT_CONVERSION = YES;
				CLANG_WARN_DEPRECATED_OBJC_IMPLEMENTATIONS = YES;
				CLANG_WARN_DIRECT_OBJC_ISA_USAGE = YES_ERROR;
				CLANG_WARN_DOCUMENTATION_COMMENTS = YES;
				CLANG_WARN_EMPTY_BODY = YES;
				CLANG_WARN_ENUM_CONVERSION = YES;
				CLANG_WARN_INFINITE_RECURSION = YES;
				CLANG_WARN_INT_CONVERSION = YES;
				CLANG_WARN_NON_LITERAL_NULL_CONVERSION = YES;
				CLANG_WARN_OBJC_IMPLICIT_RETAIN_SELF = YES;
				CLANG_WARN_OBJC_LITERAL_CONVERSION = YES;
				CLANG_WARN_OBJC_ROOT_CLASS = YES_ERROR;
				CLANG_WARN_RANGE_LOOP_ANALYSIS = YES;
				CLANG_WARN_STRICT_PROTOTYPES = YES;
				CLANG_WARN_SUSPICIOUS_MOVE = YES;
				CLANG_WARN_UNGUARDED_AVAILABILITY = YES_AGGRESSIVE;
				CLANG_WARN_UNREACHABLE_CODE = YES;
				CLANG_WARN__DUPLICATE_METHOD_MATCH = YES;
				CODE_SIGN_IDENTITY = "iPhone Developer";
				COPY_PHASE_STRIP = NO;
				CURRENT_PROJECT_VERSION = 1;
				DEBUG_INFORMATION_FORMAT = "dwarf-with-dsym";
				ENABLE_NS_ASSERTIONS = NO;
				ENABLE_STRICT_OBJC_MSGSEND = YES;
				GCC_C_LANGUAGE_STANDARD = gnu11;
				GCC_NO_COMMON_BLOCKS = YES;
				GCC_WARN_64_TO_32_BIT_CONVERSION = YES;
				GCC_WARN_ABOUT_RETURN_TYPE = YES_ERROR;
				GCC_WARN_UNDECLARED_SELECTOR = YES;
				GCC_WARN_UNINITIALIZED_AUTOS = YES_AGGRESSIVE;
				GCC_WARN_UNUSED_FUNCTION = YES;
				GCC_WARN_UNUSED_VARIABLE = YES;
				IPHONEOS_DEPLOYMENT_TARGET = 12.0;
				MTL_ENABLE_DEBUG_INFO = NO;
				MTL_FAST_MATH = YES;
				SDKROOT = iphoneos;
				SWIFT_COMPILATION_MODE = wholemodule;
				SWIFT_OPTIMIZATION_LEVEL = "-O";
				VALIDATE_PRODUCT = YES;
				VERSIONING_SYSTEM = "apple-generic";
				VERSION_INFO_PREFIX = "";
			};
			name = Release;
		};
		B5D8F0142194BB490028F5A4 /* Debug */ = {
			isa = XCBuildConfiguration;
			buildSettings = {
				CLANG_ENABLE_MODULES = YES;
				CODE_SIGN_IDENTITY = "";
				CODE_SIGN_STYLE = Automatic;
				DEFINES_MODULE = YES;
				DEVELOPMENT_TEAM = 7B9XD4WA9S;
				DYLIB_COMPATIBILITY_VERSION = 1;
				DYLIB_CURRENT_VERSION = 1;
				DYLIB_INSTALL_NAME_BASE = "@rpath";
				INFOPLIST_FILE = igyTools/Info.plist;
				INSTALL_PATH = "$(LOCAL_LIBRARY_DIR)/Frameworks";
				LD_RUNPATH_SEARCH_PATHS = (
					"$(inherited)",
					"@executable_path/Frameworks",
					"@loader_path/Frameworks",
				);
				PRODUCT_BUNDLE_IDENTIFIER = com.igy.igyTools;
				PRODUCT_NAME = "$(TARGET_NAME:c99extidentifier)";
				SKIP_INSTALL = YES;
				SWIFT_OPTIMIZATION_LEVEL = "-Onone";
				SWIFT_VERSION = 4.2;
				TARGETED_DEVICE_FAMILY = "1,2";
			};
			name = Debug;
		};
		B5D8F0152194BB490028F5A4 /* Release */ = {
			isa = XCBuildConfiguration;
			buildSettings = {
				CLANG_ENABLE_MODULES = YES;
				CODE_SIGN_IDENTITY = "";
				CODE_SIGN_STYLE = Automatic;
				DEFINES_MODULE = YES;
				DEVELOPMENT_TEAM = 7B9XD4WA9S;
				DYLIB_COMPATIBILITY_VERSION = 1;
				DYLIB_CURRENT_VERSION = 1;
				DYLIB_INSTALL_NAME_BASE = "@rpath";
				INFOPLIST_FILE = igyTools/Info.plist;
				INSTALL_PATH = "$(LOCAL_LIBRARY_DIR)/Frameworks";
				LD_RUNPATH_SEARCH_PATHS = (
					"$(inherited)",
					"@executable_path/Frameworks",
					"@loader_path/Frameworks",
				);
				PRODUCT_BUNDLE_IDENTIFIER = com.igy.igyTools;
				PRODUCT_NAME = "$(TARGET_NAME:c99extidentifier)";
				SKIP_INSTALL = YES;
				SWIFT_VERSION = 4.2;
				TARGETED_DEVICE_FAMILY = "1,2";
			};
			name = Release;
		};
		B5D8F0172194BB490028F5A4 /* Debug */ = {
			isa = XCBuildConfiguration;
			buildSettings = {
				ALWAYS_EMBED_SWIFT_STANDARD_LIBRARIES = YES;
				CODE_SIGN_STYLE = Automatic;
				DEVELOPMENT_TEAM = 7B9XD4WA9S;
				INFOPLIST_FILE = igyToolsTests/Info.plist;
				LD_RUNPATH_SEARCH_PATHS = (
					"$(inherited)",
					"@executable_path/Frameworks",
					"@loader_path/Frameworks",
				);
				PRODUCT_BUNDLE_IDENTIFIER = com.igy.igyToolsTests;
				PRODUCT_NAME = "$(TARGET_NAME)";
				SWIFT_VERSION = 4.2;
				TARGETED_DEVICE_FAMILY = "1,2";
			};
			name = Debug;
		};
		B5D8F0182194BB490028F5A4 /* Release */ = {
			isa = XCBuildConfiguration;
			buildSettings = {
				ALWAYS_EMBED_SWIFT_STANDARD_LIBRARIES = YES;
				CODE_SIGN_STYLE = Automatic;
				DEVELOPMENT_TEAM = 7B9XD4WA9S;
				INFOPLIST_FILE = igyToolsTests/Info.plist;
				LD_RUNPATH_SEARCH_PATHS = (
					"$(inherited)",
					"@executable_path/Frameworks",
					"@loader_path/Frameworks",
				);
				PRODUCT_BUNDLE_IDENTIFIER = com.igy.igyToolsTests;
				PRODUCT_NAME = "$(TARGET_NAME)";
				SWIFT_VERSION = 4.2;
				TARGETED_DEVICE_FAMILY = "1,2";
			};
			name = Release;
		};
/* End XCBuildConfiguration section */

/* Begin XCConfigurationList section */
		B5D8EFF92194BB490028F5A4 /* Build configuration list for PBXProject "igyTools" */ = {
			isa = XCConfigurationList;
			buildConfigurations = (
				B5D8F0112194BB490028F5A4 /* Debug */,
				B5D8F0122194BB490028F5A4 /* Release */,
			);
			defaultConfigurationIsVisible = 0;
			defaultConfigurationName = Release;
		};
		B5D8F0132194BB490028F5A4 /* Build configuration list for PBXNativeTarget "igyTools" */ = {
			isa = XCConfigurationList;
			buildConfigurations = (
				B5D8F0142194BB490028F5A4 /* Debug */,
				B5D8F0152194BB490028F5A4 /* Release */,
			);
			defaultConfigurationIsVisible = 0;
			defaultConfigurationName = Release;
		};
		B5D8F0162194BB490028F5A4 /* Build configuration list for PBXNativeTarget "igyToolsTests" */ = {
			isa = XCConfigurationList;
			buildConfigurations = (
				B5D8F0172194BB490028F5A4 /* Debug */,
				B5D8F0182194BB490028F5A4 /* Release */,
			);
			defaultConfigurationIsVisible = 0;
			defaultConfigurationName = Release;
		};
/* End XCConfigurationList section */
	};
	rootObject = B5D8EFF62194BB490028F5A4 /* Project object */;
}
